
Microsoft Visual Studio Solution File, Format Version 12.00
# Visual Studio Version 17
VisualStudioVersion = 17.1.32407.343
MinimumVisualStudioVersion = 10.0.40219.1
Project("{FAE04EC0-301F-11D3-BF4B-00C04F79EFBC}") = "Message.API", "Message.API\Message.API.csproj", "{14AE5FA6-68C1-4D2F-910F-66C782650066}"
EndProject
Global
	GlobalSection(SolutionConfigurationPlatforms) = preSolution
		Debug|Any CPU = Debug|Any CPU
		Release|Any CPU = Release|Any CPU
	EndGlobalSection
	GlobalSection(ProjectConfigurationPlatforms) = postSolution
		{14AE5FA6-68C1-4D2F-910F-66C782650066}.Debug|Any CPU.ActiveCfg = Debug|Any CPU
		{14AE5FA6-68C1-4D2F-910F-66C782650066}.Debug|Any CPU.Build.0 = Debug|Any CPU
		{14AE5FA6-68C1-4D2F-910F-66C782650066}.Release|Any CPU.ActiveCfg = Release|Any CPU
		{14AE5FA6-68C1-4D2F-910F-66C782650066}.Release|Any CPU.Build.0 = Release|Any CPU
	EndGlobalSection
	GlobalSection(SolutionProperties) = preSolution
		HideSolutionNode = FALSE
	EndGlobalSection
	GlobalSection(ExtensibilityGlobals) = postSolution
		SolutionGuid = {5B792729-84AD-4204-81A5-26F0C4BA9489}
	EndGlobalSection
EndGlobal
